// !$*UTF8*$!
{
	archiveVersion = 1;
	classes = {
	};
	objectVersion = 46;
	objects = {

/* Begin PBXBuildFile section */
		E92729B51830973F000E7BC5 /* libusb-1.0.a in Frameworks */ = {isa = PBXBuildFile; fileRef = E92729AD1830973F000E7BC5 /* libusb-1.0.a */; };
		E92729B61830973F000E7BC5 /* libusb-1.0.a in Frameworks */ = {isa = PBXBuildFile; fileRef = E92729AD1830973F000E7BC5 /* libusb-1.0.a */; };
		E92729B71830973F000E7BC5 /* ftdi.c in Sources */ = {isa = PBXBuildFile; fileRef = E92729B01830973F000E7BC5 /* ftdi.c */; };
		E92729B81830973F000E7BC5 /* ftdi.c in Sources */ = {isa = PBXBuildFile; fileRef = E92729B01830973F000E7BC5 /* ftdi.c */; };
		E92729B91830973F000E7BC5 /* ftdi_stream.c in Sources */ = {isa = PBXBuildFile; fileRef = E92729B31830973F000E7BC5 /* ftdi_stream.c */; };
		E92729BA1830973F000E7BC5 /* ftdi_stream.c in Sources */ = {isa = PBXBuildFile; fileRef = E92729B31830973F000E7BC5 /* ftdi_stream.c */; };
		E939414F182C919900BDF381 /* Cocoa.framework in Frameworks */ = {isa = PBXBuildFile; fileRef = E939414E182C919900BDF381 /* Cocoa.framework */; };
		E9394159182C919900BDF381 /* InfoPlist.strings in Resources */ = {isa = PBXBuildFile; fileRef = E9394157182C919900BDF381 /* InfoPlist.strings */; };
		E939415B182C919900BDF381 /* main.m in Sources */ = {isa = PBXBuildFile; fileRef = E939415A182C919900BDF381 /* main.m */; };
		E939415F182C919900BDF381 /* Credits.rtf in Resources */ = {isa = PBXBuildFile; fileRef = E939415D182C919900BDF381 /* Credits.rtf */; };
		E9394162182C919900BDF381 /* AppDelegate.m in Sources */ = {isa = PBXBuildFile; fileRef = E9394161182C919900BDF381 /* AppDelegate.m */; };
		E9394165182C919900BDF381 /* MainMenu.xib in Resources */ = {isa = PBXBuildFile; fileRef = E9394163182C919900BDF381 /* MainMenu.xib */; };
		E9394167182C919900BDF381 /* Images.xcassets in Resources */ = {isa = PBXBuildFile; fileRef = E9394166182C919900BDF381 /* Images.xcassets */; };
		E939416E182C919900BDF381 /* XCTest.framework in Frameworks */ = {isa = PBXBuildFile; fileRef = E939416D182C919900BDF381 /* XCTest.framework */; };
		E939416F182C919900BDF381 /* Cocoa.framework in Frameworks */ = {isa = PBXBuildFile; fileRef = E939414E182C919900BDF381 /* Cocoa.framework */; };
		E9394177182C919900BDF381 /* InfoPlist.strings in Resources */ = {isa = PBXBuildFile; fileRef = E9394175182C919900BDF381 /* InfoPlist.strings */; };
		E9394179182C919900BDF381 /* ArtNetNodeMacTests.m in Sources */ = {isa = PBXBuildFile; fileRef = E9394178182C919900BDF381 /* ArtNetNodeMacTests.m */; };
		E99FEB081859B09400919375 /* IOKit.framework in Frameworks */ = {isa = PBXBuildFile; fileRef = E99FEB071859B09400919375 /* IOKit.framework */; };
		E99FEB091859B0A500919375 /* IOKit.framework in Frameworks */ = {isa = PBXBuildFile; fileRef = E99FEB071859B09400919375 /* IOKit.framework */; };
		E99FEB50185A02B100919375 /* address.c in Sources */ = {isa = PBXBuildFile; fileRef = E99FEB43185A02B100919375 /* address.c */; };
		E99FEB51185A02B100919375 /* address.c in Sources */ = {isa = PBXBuildFile; fileRef = E99FEB43185A02B100919375 /* address.c */; };
		E99FEB52185A02B100919375 /* blob.c in Sources */ = {isa = PBXBuildFile; fileRef = E99FEB44185A02B100919375 /* blob.c */; };
		E99FEB53185A02B100919375 /* blob.c in Sources */ = {isa = PBXBuildFile; fileRef = E99FEB44185A02B100919375 /* blob.c */; };
		E99FEB54185A02B100919375 /* bundle.c in Sources */ = {isa = PBXBuildFile; fileRef = E99FEB45185A02B100919375 /* bundle.c */; };
		E99FEB55185A02B100919375 /* bundle.c in Sources */ = {isa = PBXBuildFile; fileRef = E99FEB45185A02B100919375 /* bundle.c */; };
		E99FEB56185A02B100919375 /* message.c in Sources */ = {isa = PBXBuildFile; fileRef = E99FEB49185A02B100919375 /* message.c */; };
		E99FEB57185A02B100919375 /* message.c in Sources */ = {isa = PBXBuildFile; fileRef = E99FEB49185A02B100919375 /* message.c */; };
		E99FEB58185A02B100919375 /* method.c in Sources */ = {isa = PBXBuildFile; fileRef = E99FEB4A185A02B100919375 /* method.c */; };
		E99FEB59185A02B100919375 /* method.c in Sources */ = {isa = PBXBuildFile; fileRef = E99FEB4A185A02B100919375 /* method.c */; };
		E99FEB5A185A02B100919375 /* pattern_match.c in Sources */ = {isa = PBXBuildFile; fileRef = E99FEB4B185A02B100919375 /* pattern_match.c */; };
		E99FEB5B185A02B100919375 /* pattern_match.c in Sources */ = {isa = PBXBuildFile; fileRef = E99FEB4B185A02B100919375 /* pattern_match.c */; };
		E99FEB5C185A02B100919375 /* send.c in Sources */ = {isa = PBXBuildFile; fileRef = E99FEB4C185A02B100919375 /* send.c */; };
		E99FEB5D185A02B100919375 /* send.c in Sources */ = {isa = PBXBuildFile; fileRef = E99FEB4C185A02B100919375 /* send.c */; };
		E99FEB5E185A02B100919375 /* server_thread.c in Sources */ = {isa = PBXBuildFile; fileRef = E99FEB4D185A02B100919375 /* server_thread.c */; };
		E99FEB5F185A02B100919375 /* server_thread.c in Sources */ = {isa = PBXBuildFile; fileRef = E99FEB4D185A02B100919375 /* server_thread.c */; };
		E99FEB60185A02B100919375 /* server.c in Sources */ = {isa = PBXBuildFile; fileRef = E99FEB4E185A02B100919375 /* server.c */; };
		E99FEB61185A02B100919375 /* server.c in Sources */ = {isa = PBXBuildFile; fileRef = E99FEB4E185A02B100919375 /* server.c */; };
		E99FEB62185A02B100919375 /* timetag.c in Sources */ = {isa = PBXBuildFile; fileRef = E99FEB4F185A02B100919375 /* timetag.c */; };
		E99FEB63185A02B100919375 /* timetag.c in Sources */ = {isa = PBXBuildFile; fileRef = E99FEB4F185A02B100919375 /* timetag.c */; };
/* End PBXBuildFile section */

/* Begin PBXContainerItemProxy section */
		E9394170182C919900BDF381 /* PBXContainerItemProxy */ = {
			isa = PBXContainerItemProxy;
			containerPortal = E9394143182C919900BDF381 /* Project object */;
			proxyType = 1;
			remoteGlobalIDString = E939414A182C919900BDF381;
			remoteInfo = ArtNetNodeMac;
		};
/* End PBXContainerItemProxy section */

/* Begin PBXFileReference section */
		E920033E1859AD9A00415DFF /* lo.h */ = {isa = PBXFileReference; fileEncoding = 4; lastKnownFileType = sourcecode.c.h; path = lo.h; sourceTree = "<group>"; };
		E920033F1859AD9A00415DFF /* lo_endian.h */ = {isa = PBXFileReference; fileEncoding = 4; lastKnownFileType = sourcecode.c.h; path = lo_endian.h; sourceTree = "<group>"; };
		E92003411859AD9A00415DFF /* lo_errors.h */ = {isa = PBXFileReference; fileEncoding = 4; lastKnownFileType = sourcecode.c.h; path = lo_errors.h; sourceTree = "<group>"; };
		E92003431859AD9A00415DFF /* lo_lowlevel.h */ = {isa = PBXFileReference; fileEncoding = 4; lastKnownFileType = sourcecode.c.h; path = lo_lowlevel.h; sourceTree = "<group>"; };
		E92003441859AD9A00415DFF /* lo_macros.h */ = {isa = PBXFileReference; fileEncoding = 4; lastKnownFileType = sourcecode.c.h; path = lo_macros.h; sourceTree = "<group>"; };
		E92003451859AD9A00415DFF /* lo_osc_types.h */ = {isa = PBXFileReference; fileEncoding = 4; lastKnownFileType = sourcecode.c.h; path = lo_osc_types.h; sourceTree = "<group>"; };
		E92003461859AD9A00415DFF /* lo_throw.h */ = {isa = PBXFileReference; fileEncoding = 4; lastKnownFileType = sourcecode.c.h; path = lo_throw.h; sourceTree = "<group>"; };
		E92003471859AD9A00415DFF /* lo_types.h */ = {isa = PBXFileReference; fileEncoding = 4; lastKnownFileType = sourcecode.c.h; path = lo_types.h; sourceTree = "<group>"; };
		E92729AD1830973F000E7BC5 /* libusb-1.0.a */ = {isa = PBXFileReference; lastKnownFileType = archive.ar; path = "libusb-1.0.a"; sourceTree = "<group>"; };
		E92729AE1830973F000E7BC5 /* libusb.h */ = {isa = PBXFileReference; fileEncoding = 4; lastKnownFileType = sourcecode.c.h; path = libusb.h; sourceTree = "<group>"; };
		E92729B01830973F000E7BC5 /* ftdi.c */ = {isa = PBXFileReference; fileEncoding = 4; lastKnownFileType = sourcecode.c.c; path = ftdi.c; sourceTree = "<group>"; };
		E92729B11830973F000E7BC5 /* ftdi.h */ = {isa = PBXFileReference; fileEncoding = 4; lastKnownFileType = sourcecode.c.h; path = ftdi.h; sourceTree = "<group>"; };
		E92729B21830973F000E7BC5 /* ftdi_i.h */ = {isa = PBXFileReference; fileEncoding = 4; lastKnownFileType = sourcecode.c.h; path = ftdi_i.h; sourceTree = "<group>"; };
		E92729B31830973F000E7BC5 /* ftdi_stream.c */ = {isa = PBXFileReference; fileEncoding = 4; lastKnownFileType = sourcecode.c.c; path = ftdi_stream.c; sourceTree = "<group>"; };
		E92729B41830973F000E7BC5 /* ftdi_version_i.h */ = {isa = PBXFileReference; fileEncoding = 4; lastKnownFileType = sourcecode.c.h; path = ftdi_version_i.h; sourceTree = "<group>"; };
		E939414B182C919900BDF381 /* ArtNetNodeMac.app */ = {isa = PBXFileReference; explicitFileType = wrapper.application; includeInIndex = 0; path = ArtNetNodeMac.app; sourceTree = BUILT_PRODUCTS_DIR; };
		E939414E182C919900BDF381 /* Cocoa.framework */ = {isa = PBXFileReference; lastKnownFileType = wrapper.framework; name = Cocoa.framework; path = System/Library/Frameworks/Cocoa.framework; sourceTree = SDKROOT; };
		E9394151182C919900BDF381 /* AppKit.framework */ = {isa = PBXFileReference; lastKnownFileType = wrapper.framework; name = AppKit.framework; path = System/Library/Frameworks/AppKit.framework; sourceTree = SDKROOT; };
		E9394152182C919900BDF381 /* CoreData.framework */ = {isa = PBXFileReference; lastKnownFileType = wrapper.framework; name = CoreData.framework; path = System/Library/Frameworks/CoreData.framework; sourceTree = SDKROOT; };
		E9394153182C919900BDF381 /* Foundation.framework */ = {isa = PBXFileReference; lastKnownFileType = wrapper.framework; name = Foundation.framework; path = System/Library/Frameworks/Foundation.framework; sourceTree = SDKROOT; };
		E9394156182C919900BDF381 /* ArtNetNodeMac-Info.plist */ = {isa = PBXFileReference; lastKnownFileType = text.plist.xml; path = "ArtNetNodeMac-Info.plist"; sourceTree = "<group>"; };
		E9394158182C919900BDF381 /* en */ = {isa = PBXFileReference; lastKnownFileType = text.plist.strings; name = en; path = en.lproj/InfoPlist.strings; sourceTree = "<group>"; };
		E939415A182C919900BDF381 /* main.m */ = {isa = PBXFileReference; lastKnownFileType = sourcecode.c.objc; path = main.m; sourceTree = "<group>"; };
		E939415C182C919900BDF381 /* ArtNetNodeMac-Prefix.pch */ = {isa = PBXFileReference; lastKnownFileType = sourcecode.c.h; path = "ArtNetNodeMac-Prefix.pch"; sourceTree = "<group>"; };
		E939415E182C919900BDF381 /* en */ = {isa = PBXFileReference; lastKnownFileType = text.rtf; name = en; path = en.lproj/Credits.rtf; sourceTree = "<group>"; };
		E9394160182C919900BDF381 /* AppDelegate.h */ = {isa = PBXFileReference; lastKnownFileType = sourcecode.c.h; path = AppDelegate.h; sourceTree = "<group>"; };
		E9394161182C919900BDF381 /* AppDelegate.m */ = {isa = PBXFileReference; lastKnownFileType = sourcecode.c.objc; path = AppDelegate.m; sourceTree = "<group>"; };
		E9394164182C919900BDF381 /* Base */ = {isa = PBXFileReference; lastKnownFileType = file.xib; name = Base; path = Base.lproj/MainMenu.xib; sourceTree = "<group>"; };
		E9394166182C919900BDF381 /* Images.xcassets */ = {isa = PBXFileReference; lastKnownFileType = folder.assetcatalog; path = Images.xcassets; sourceTree = "<group>"; };
		E939416C182C919900BDF381 /* ArtNetNodeMacTests.xctest */ = {isa = PBXFileReference; explicitFileType = wrapper.cfbundle; includeInIndex = 0; path = ArtNetNodeMacTests.xctest; sourceTree = BUILT_PRODUCTS_DIR; };
		E939416D182C919900BDF381 /* XCTest.framework */ = {isa = PBXFileReference; lastKnownFileType = wrapper.framework; name = XCTest.framework; path = Library/Frameworks/XCTest.framework; sourceTree = DEVELOPER_DIR; };
		E9394174182C919900BDF381 /* ArtNetNodeMacTests-Info.plist */ = {isa = PBXFileReference; lastKnownFileType = text.plist.xml; path = "ArtNetNodeMacTests-Info.plist"; sourceTree = "<group>"; };
		E9394176182C919900BDF381 /* en */ = {isa = PBXFileReference; lastKnownFileType = text.plist.strings; name = en; path = en.lproj/InfoPlist.strings; sourceTree = "<group>"; };
		E9394178182C919900BDF381 /* ArtNetNodeMacTests.m */ = {isa = PBXFileReference; lastKnownFileType = sourcecode.c.objc; path = ArtNetNodeMacTests.m; sourceTree = "<group>"; };
		E99FEB071859B09400919375 /* IOKit.framework */ = {isa = PBXFileReference; lastKnownFileType = wrapper.framework; name = IOKit.framework; path = System/Library/Frameworks/IOKit.framework; sourceTree = SDKROOT; };
		E99FEB41185A029500919375 /* lo_cpp.h */ = {isa = PBXFileReference; fileEncoding = 4; lastKnownFileType = sourcecode.c.h; path = lo_cpp.h; sourceTree = "<group>"; };
		E99FEB42185A029500919375 /* lo_serverthread.h */ = {isa = PBXFileReference; fileEncoding = 4; lastKnownFileType = sourcecode.c.h; path = lo_serverthread.h; sourceTree = "<group>"; };
		E99FEB43185A02B100919375 /* address.c */ = {isa = PBXFileReference; fileEncoding = 4; lastKnownFileType = sourcecode.c.c; path = address.c; sourceTree = "<group>"; };
		E99FEB44185A02B100919375 /* blob.c */ = {isa = PBXFileReference; fileEncoding = 4; lastKnownFileType = sourcecode.c.c; path = blob.c; sourceTree = "<group>"; };
		E99FEB45185A02B100919375 /* bundle.c */ = {isa = PBXFileReference; fileEncoding = 4; lastKnownFileType = sourcecode.c.c; path = bundle.c; sourceTree = "<group>"; };
		E99FEB46185A02B100919375 /* config.h */ = {isa = PBXFileReference; fileEncoding = 4; lastKnownFileType = sourcecode.c.h; path = config.h; sourceTree = "<group>"; };
		E99FEB47185A02B100919375 /* lo_internal.h */ = {isa = PBXFileReference; fileEncoding = 4; lastKnownFileType = sourcecode.c.h; path = lo_internal.h; sourceTree = "<group>"; };
		E99FEB48185A02B100919375 /* lo_types_internal.h */ = {isa = PBXFileReference; fileEncoding = 4; lastKnownFileType = sourcecode.c.h; path = lo_types_internal.h; sourceTree = "<group>"; };
		E99FEB49185A02B100919375 /* message.c */ = {isa = PBXFileReference; fileEncoding = 4; lastKnownFileType = sourcecode.c.c; path = message.c; sourceTree = "<group>"; };
		E99FEB4A185A02B100919375 /* method.c */ = {isa = PBXFileReference; fileEncoding = 4; lastKnownFileType = sourcecode.c.c; path = method.c; sourceTree = "<group>"; };
		E99FEB4B185A02B100919375 /* pattern_match.c */ = {isa = PBXFileReference; fileEncoding = 4; lastKnownFileType = sourcecode.c.c; path = pattern_match.c; sourceTree = "<group>"; };
		E99FEB4C185A02B100919375 /* send.c */ = {isa = PBXFileReference; fileEncoding = 4; lastKnownFileType = sourcecode.c.c; path = send.c; sourceTree = "<group>"; };
		E99FEB4D185A02B100919375 /* server_thread.c */ = {isa = PBXFileReference; fileEncoding = 4; lastKnownFileType = sourcecode.c.c; path = server_thread.c; sourceTree = "<group>"; };
		E99FEB4E185A02B100919375 /* server.c */ = {isa = PBXFileReference; fileEncoding = 4; lastKnownFileType = sourcecode.c.c; path = server.c; sourceTree = "<group>"; };
		E99FEB4F185A02B100919375 /* timetag.c */ = {isa = PBXFileReference; fileEncoding = 4; lastKnownFileType = sourcecode.c.c; path = timetag.c; sourceTree = "<group>"; };
/* End PBXFileReference section */

/* Begin PBXFrameworksBuildPhase section */
		E9394148182C919900BDF381 /* Frameworks */ = {
			isa = PBXFrameworksBuildPhase;
			buildActionMask = 2147483647;
			files = (
				E939414F182C919900BDF381 /* Cocoa.framework in Frameworks */,
				E99FEB081859B09400919375 /* IOKit.framework in Frameworks */,
				E92729B51830973F000E7BC5 /* libusb-1.0.a in Frameworks */,
			);
			runOnlyForDeploymentPostprocessing = 0;
		};
		E9394169182C919900BDF381 /* Frameworks */ = {
			isa = PBXFrameworksBuildPhase;
			buildActionMask = 2147483647;
			files = (
				E939416F182C919900BDF381 /* Cocoa.framework in Frameworks */,
				E939416E182C919900BDF381 /* XCTest.framework in Frameworks */,
				E99FEB091859B0A500919375 /* IOKit.framework in Frameworks */,
				E92729B61830973F000E7BC5 /* libusb-1.0.a in Frameworks */,
			);
			runOnlyForDeploymentPostprocessing = 0;
		};
/* End PBXFrameworksBuildPhase section */

/* Begin PBXGroup section */
		E92003381859AD9A00415DFF /* liblo */ = {
			isa = PBXGroup;
			children = (
				E99FEB43185A02B100919375 /* address.c */,
				E99FEB44185A02B100919375 /* blob.c */,
				E99FEB45185A02B100919375 /* bundle.c */,
				E99FEB46185A02B100919375 /* config.h */,
				E99FEB47185A02B100919375 /* lo_internal.h */,
				E99FEB48185A02B100919375 /* lo_types_internal.h */,
				E99FEB49185A02B100919375 /* message.c */,
				E99FEB4A185A02B100919375 /* method.c */,
				E99FEB4B185A02B100919375 /* pattern_match.c */,
				E99FEB4C185A02B100919375 /* send.c */,
				E99FEB4D185A02B100919375 /* server_thread.c */,
				E99FEB4E185A02B100919375 /* server.c */,
				E99FEB4F185A02B100919375 /* timetag.c */,
				E92003391859AD9A00415DFF /* lo */,
			);
			path = liblo;
			sourceTree = "<group>";
		};
		E92003391859AD9A00415DFF /* lo */ = {
			isa = PBXGroup;
			children = (
				E99FEB41185A029500919375 /* lo_cpp.h */,
				E920033F1859AD9A00415DFF /* lo_endian.h */,
				E92003411859AD9A00415DFF /* lo_errors.h */,
				E92003431859AD9A00415DFF /* lo_lowlevel.h */,
				E92003441859AD9A00415DFF /* lo_macros.h */,
				E92003451859AD9A00415DFF /* lo_osc_types.h */,
				E99FEB42185A029500919375 /* lo_serverthread.h */,
				E92003461859AD9A00415DFF /* lo_throw.h */,
				E92003471859AD9A00415DFF /* lo_types.h */,
				E920033E1859AD9A00415DFF /* lo.h */,
			);
			path = lo;
			sourceTree = "<group>";
		};
		E92729AC1830973F000E7BC5 /* libusb */ = {
			isa = PBXGroup;
			children = (
				E92729AD1830973F000E7BC5 /* libusb-1.0.a */,
				E92729AE1830973F000E7BC5 /* libusb.h */,
			);
			path = libusb;
			sourceTree = "<group>";
		};
		E92729AF1830973F000E7BC5 /* libftdi1 */ = {
			isa = PBXGroup;
			children = (
				E92729B01830973F000E7BC5 /* ftdi.c */,
				E92729B11830973F000E7BC5 /* ftdi.h */,
				E92729B21830973F000E7BC5 /* ftdi_i.h */,
				E92729B31830973F000E7BC5 /* ftdi_stream.c */,
				E92729B41830973F000E7BC5 /* ftdi_version_i.h */,
			);
			path = libftdi1;
			sourceTree = "<group>";
		};
		E9394142182C919900BDF381 = {
			isa = PBXGroup;
			children = (
				E9394154182C919900BDF381 /* ArtNetNodeMac */,
				E9394172182C919900BDF381 /* ArtNetNodeMacTests */,
				E9394182182C922300BDF381 /* Vendor */,
				E939414D182C919900BDF381 /* Frameworks */,
				E939414C182C919900BDF381 /* Products */,
			);
			sourceTree = "<group>";
		};
		E939414C182C919900BDF381 /* Products */ = {
			isa = PBXGroup;
			children = (
				E939414B182C919900BDF381 /* ArtNetNodeMac.app */,
				E939416C182C919900BDF381 /* ArtNetNodeMacTests.xctest */,
			);
			name = Products;
			sourceTree = "<group>";
		};
		E939414D182C919900BDF381 /* Frameworks */ = {
			isa = PBXGroup;
			children = (
				E99FEB071859B09400919375 /* IOKit.framework */,
				E939414E182C919900BDF381 /* Cocoa.framework */,
				E939416D182C919900BDF381 /* XCTest.framework */,
				E9394150182C919900BDF381 /* Other Frameworks */,
			);
			name = Frameworks;
			sourceTree = "<group>";
		};
		E9394150182C919900BDF381 /* Other Frameworks */ = {
			isa = PBXGroup;
			children = (
				E9394151182C919900BDF381 /* AppKit.framework */,
				E9394152182C919900BDF381 /* CoreData.framework */,
				E9394153182C919900BDF381 /* Foundation.framework */,
			);
			name = "Other Frameworks";
			sourceTree = "<group>";
		};
		E9394154182C919900BDF381 /* ArtNetNodeMac */ = {
			isa = PBXGroup;
			children = (
				E9394160182C919900BDF381 /* AppDelegate.h */,
				E9394161182C919900BDF381 /* AppDelegate.m */,
				E9394163182C919900BDF381 /* MainMenu.xib */,
				E9394166182C919900BDF381 /* Images.xcassets */,
				E9394155182C919900BDF381 /* Supporting Files */,
			);
			path = ArtNetNodeMac;
			sourceTree = "<group>";
		};
		E9394155182C919900BDF381 /* Supporting Files */ = {
			isa = PBXGroup;
			children = (
				E9394156182C919900BDF381 /* ArtNetNodeMac-Info.plist */,
				E9394157182C919900BDF381 /* InfoPlist.strings */,
				E939415A182C919900BDF381 /* main.m */,
				E939415C182C919900BDF381 /* ArtNetNodeMac-Prefix.pch */,
				E939415D182C919900BDF381 /* Credits.rtf */,
			);
			name = "Supporting Files";
			sourceTree = "<group>";
		};
		E9394172182C919900BDF381 /* ArtNetNodeMacTests */ = {
			isa = PBXGroup;
			children = (
				E9394178182C919900BDF381 /* ArtNetNodeMacTests.m */,
				E9394173182C919900BDF381 /* Supporting Files */,
			);
			path = ArtNetNodeMacTests;
			sourceTree = "<group>";
		};
		E9394173182C919900BDF381 /* Supporting Files */ = {
			isa = PBXGroup;
			children = (
				E9394174182C919900BDF381 /* ArtNetNodeMacTests-Info.plist */,
				E9394175182C919900BDF381 /* InfoPlist.strings */,
			);
			name = "Supporting Files";
			sourceTree = "<group>";
		};
		E9394182182C922300BDF381 /* Vendor */ = {
			isa = PBXGroup;
			children = (
				E92003381859AD9A00415DFF /* liblo */,
				E92729AC1830973F000E7BC5 /* libusb */,
				E92729AF1830973F000E7BC5 /* libftdi1 */,
			);
			path = Vendor;
			sourceTree = "<group>";
		};
/* End PBXGroup section */

/* Begin PBXNativeTarget section */
		E939414A182C919900BDF381 /* ArtNetNodeMac */ = {
			isa = PBXNativeTarget;
			buildConfigurationList = E939417C182C919900BDF381 /* Build configuration list for PBXNativeTarget "ArtNetNodeMac" */;
			buildPhases = (
				E9394147182C919900BDF381 /* Sources */,
				E9394148182C919900BDF381 /* Frameworks */,
				E9394149182C919900BDF381 /* Resources */,
			);
			buildRules = (
			);
			dependencies = (
			);
			name = ArtNetNodeMac;
			productName = ArtNetNodeMac;
			productReference = E939414B182C919900BDF381 /* ArtNetNodeMac.app */;
			productType = "com.apple.product-type.application";
		};
		E939416B182C919900BDF381 /* ArtNetNodeMacTests */ = {
			isa = PBXNativeTarget;
			buildConfigurationList = E939417F182C919900BDF381 /* Build configuration list for PBXNativeTarget "ArtNetNodeMacTests" */;
			buildPhases = (
				E9394168182C919900BDF381 /* Sources */,
				E9394169182C919900BDF381 /* Frameworks */,
				E939416A182C919900BDF381 /* Resources */,
			);
			buildRules = (
			);
			dependencies = (
				E9394171182C919900BDF381 /* PBXTargetDependency */,
			);
			name = ArtNetNodeMacTests;
			productName = ArtNetNodeMacTests;
			productReference = E939416C182C919900BDF381 /* ArtNetNodeMacTests.xctest */;
			productType = "com.apple.product-type.bundle.unit-test";
		};
/* End PBXNativeTarget section */

/* Begin PBXProject section */
		E9394143182C919900BDF381 /* Project object */ = {
			isa = PBXProject;
			attributes = {
				LastUpgradeCheck = 0500;
				ORGANIZATIONNAME = "Toru Nayuki";
				TargetAttributes = {
					E939416B182C919900BDF381 = {
						TestTargetID = E939414A182C919900BDF381;
					};
				};
			};
			buildConfigurationList = E9394146182C919900BDF381 /* Build configuration list for PBXProject "ArtNetNodeMac" */;
			compatibilityVersion = "Xcode 3.2";
			developmentRegion = English;
			hasScannedForEncodings = 0;
			knownRegions = (
				en,
				Base,
			);
			mainGroup = E9394142182C919900BDF381;
			productRefGroup = E939414C182C919900BDF381 /* Products */;
			projectDirPath = "";
			projectRoot = "";
			targets = (
				E939414A182C919900BDF381 /* ArtNetNodeMac */,
				E939416B182C919900BDF381 /* ArtNetNodeMacTests */,
			);
		};
/* End PBXProject section */

/* Begin PBXResourcesBuildPhase section */
		E9394149182C919900BDF381 /* Resources */ = {
			isa = PBXResourcesBuildPhase;
			buildActionMask = 2147483647;
			files = (
				E9394159182C919900BDF381 /* InfoPlist.strings in Resources */,
				E9394167182C919900BDF381 /* Images.xcassets in Resources */,
				E939415F182C919900BDF381 /* Credits.rtf in Resources */,
				E9394165182C919900BDF381 /* MainMenu.xib in Resources */,
			);
			runOnlyForDeploymentPostprocessing = 0;
		};
		E939416A182C919900BDF381 /* Resources */ = {
			isa = PBXResourcesBuildPhase;
			buildActionMask = 2147483647;
			files = (
				E9394177182C919900BDF381 /* InfoPlist.strings in Resources */,
			);
			runOnlyForDeploymentPostprocessing = 0;
		};
/* End PBXResourcesBuildPhase section */

/* Begin PBXSourcesBuildPhase section */
		E9394147182C919900BDF381 /* Sources */ = {
			isa = PBXSourcesBuildPhase;
			buildActionMask = 2147483647;
			files = (
				E92729B71830973F000E7BC5 /* ftdi.c in Sources */,
				E99FEB50185A02B100919375 /* address.c in Sources */,
				E9394162182C919900BDF381 /* AppDelegate.m in Sources */,
				E99FEB62185A02B100919375 /* timetag.c in Sources */,
				E939415B182C919900BDF381 /* main.m in Sources */,
				E99FEB5A185A02B100919375 /* pattern_match.c in Sources */,
				E99FEB58185A02B100919375 /* method.c in Sources */,
				E99FEB5C185A02B100919375 /* send.c in Sources */,
				E99FEB54185A02B100919375 /* bundle.c in Sources */,
				E99FEB52185A02B100919375 /* blob.c in Sources */,
				E92729B91830973F000E7BC5 /* ftdi_stream.c in Sources */,
				E99FEB5E185A02B100919375 /* server_thread.c in Sources */,
				E99FEB60185A02B100919375 /* server.c in Sources */,
				E99FEB56185A02B100919375 /* message.c in Sources */,
			);
			runOnlyForDeploymentPostprocessing = 0;
		};
		E9394168182C919900BDF381 /* Sources */ = {
			isa = PBXSourcesBuildPhase;
			buildActionMask = 2147483647;
			files = (
				E99FEB53185A02B100919375 /* blob.c in Sources */,
				E99FEB63185A02B100919375 /* timetag.c in Sources */,
				E99FEB57185A02B100919375 /* message.c in Sources */,
				E99FEB5F185A02B100919375 /* server_thread.c in Sources */,
				E99FEB59185A02B100919375 /* method.c in Sources */,
				E99FEB61185A02B100919375 /* server.c in Sources */,
				E99FEB51185A02B100919375 /* address.c in Sources */,
				E92729BA1830973F000E7BC5 /* ftdi_stream.c in Sources */,
				E99FEB5D185A02B100919375 /* send.c in Sources */,
				E99FEB55185A02B100919375 /* bundle.c in Sources */,
				E92729B81830973F000E7BC5 /* ftdi.c in Sources */,
				E9394179182C919900BDF381 /* ArtNetNodeMacTests.m in Sources */,
				E99FEB5B185A02B100919375 /* pattern_match.c in Sources */,
			);
			runOnlyForDeploymentPostprocessing = 0;
		};
/* End PBXSourcesBuildPhase section */

/* Begin PBXTargetDependency section */
		E9394171182C919900BDF381 /* PBXTargetDependency */ = {
			isa = PBXTargetDependency;
			target = E939414A182C919900BDF381 /* ArtNetNodeMac */;
			targetProxy = E9394170182C919900BDF381 /* PBXContainerItemProxy */;
		};
/* End PBXTargetDependency section */

/* Begin PBXVariantGroup section */
		E9394157182C919900BDF381 /* InfoPlist.strings */ = {
			isa = PBXVariantGroup;
			children = (
				E9394158182C919900BDF381 /* en */,
			);
			name = InfoPlist.strings;
			sourceTree = "<group>";
		};
		E939415D182C919900BDF381 /* Credits.rtf */ = {
			isa = PBXVariantGroup;
			children = (
				E939415E182C919900BDF381 /* en */,
			);
			name = Credits.rtf;
			sourceTree = "<group>";
		};
		E9394163182C919900BDF381 /* MainMenu.xib */ = {
			isa = PBXVariantGroup;
			children = (
				E9394164182C919900BDF381 /* Base */,
			);
			name = MainMenu.xib;
			sourceTree = "<group>";
		};
		E9394175182C919900BDF381 /* InfoPlist.strings */ = {
			isa = PBXVariantGroup;
			children = (
				E9394176182C919900BDF381 /* en */,
			);
			name = InfoPlist.strings;
			sourceTree = "<group>";
		};
/* End PBXVariantGroup section */

/* Begin XCBuildConfiguration section */
		E939417A182C919900BDF381 /* Debug */ = {
			isa = XCBuildConfiguration;
			buildSettings = {
				ALWAYS_SEARCH_USER_PATHS = NO;
				CLANG_CXX_LANGUAGE_STANDARD = "gnu++0x";
				CLANG_CXX_LIBRARY = "libc++";
				CLANG_ENABLE_OBJC_ARC = YES;
				CLANG_WARN_BOOL_CONVERSION = YES;
				CLANG_WARN_CONSTANT_CONVERSION = YES;
				CLANG_WARN_DIRECT_OBJC_ISA_USAGE = YES_ERROR;
				CLANG_WARN_EMPTY_BODY = YES;
				CLANG_WARN_ENUM_CONVERSION = YES;
				CLANG_WARN_INT_CONVERSION = YES;
				CLANG_WARN_OBJC_ROOT_CLASS = YES_ERROR;
				CLANG_WARN__DUPLICATE_METHOD_MATCH = YES;
				COPY_PHASE_STRIP = NO;
				GCC_C_LANGUAGE_STANDARD = gnu99;
				GCC_DYNAMIC_NO_PIC = NO;
				GCC_ENABLE_OBJC_EXCEPTIONS = YES;
				GCC_OPTIMIZATION_LEVEL = 0;
				GCC_PREPROCESSOR_DEFINITIONS = (
					"DEBUG=1",
					"$(inherited)",
					HAVE_CONFIG_H,
				);
				GCC_SYMBOLS_PRIVATE_EXTERN = NO;
				GCC_WARN_64_TO_32_BIT_CONVERSION = YES;
				GCC_WARN_ABOUT_RETURN_TYPE = YES_ERROR;
				GCC_WARN_UNDECLARED_SELECTOR = YES;
				GCC_WARN_UNINITIALIZED_AUTOS = YES;
				GCC_WARN_UNUSED_FUNCTION = YES;
				GCC_WARN_UNUSED_VARIABLE = YES;
				HEADER_SEARCH_PATHS = (
					"$(inherited)",
					/Applications/Xcode.app/Contents/Developer/Toolchains/XcodeDefault.xctoolchain/usr/include,
					Vendor/libartnet,
					Vendor/ftd2xx,
					Vendor/libftdi1,
					Vendor/libusb,
				);
				MACOSX_DEPLOYMENT_TARGET = 10.9;
				ONLY_ACTIVE_ARCH = YES;
				SDKROOT = macosx;
			};
			name = Debug;
		};
		E939417B182C919900BDF381 /* Release */ = {
			isa = XCBuildConfiguration;
			buildSettings = {
				ALWAYS_SEARCH_USER_PATHS = NO;
				CLANG_CXX_LANGUAGE_STANDARD = "gnu++0x";
				CLANG_CXX_LIBRARY = "libc++";
				CLANG_ENABLE_OBJC_ARC = YES;
				CLANG_WARN_BOOL_CONVERSION = YES;
				CLANG_WARN_CONSTANT_CONVERSION = YES;
				CLANG_WARN_DIRECT_OBJC_ISA_USAGE = YES_ERROR;
				CLANG_WARN_EMPTY_BODY = YES;
				CLANG_WARN_ENUM_CONVERSION = YES;
				CLANG_WARN_INT_CONVERSION = YES;
				CLANG_WARN_OBJC_ROOT_CLASS = YES_ERROR;
				CLANG_WARN__DUPLICATE_METHOD_MATCH = YES;
				COPY_PHASE_STRIP = YES;
				DEBUG_INFORMATION_FORMAT = "dwarf-with-dsym";
				ENABLE_NS_ASSERTIONS = NO;
				GCC_C_LANGUAGE_STANDARD = gnu99;
				GCC_ENABLE_OBJC_EXCEPTIONS = YES;
				GCC_PREPROCESSOR_DEFINITIONS = HAVE_CONFIG_H;
				GCC_WARN_64_TO_32_BIT_CONVERSION = YES;
				GCC_WARN_ABOUT_RETURN_TYPE = YES_ERROR;
				GCC_WARN_UNDECLARED_SELECTOR = YES;
				GCC_WARN_UNINITIALIZED_AUTOS = YES;
				GCC_WARN_UNUSED_FUNCTION = YES;
				GCC_WARN_UNUSED_VARIABLE = YES;
				HEADER_SEARCH_PATHS = (
					"$(inherited)",
					/Applications/Xcode.app/Contents/Developer/Toolchains/XcodeDefault.xctoolchain/usr/include,
					Vendor/libartnet,
					Vendor/ftd2xx,
					Vendor/libftdi1,
					Vendor/libusb,
				);
				MACOSX_DEPLOYMENT_TARGET = 10.9;
				SDKROOT = macosx;
			};
			name = Release;
		};
		E939417D182C919900BDF381 /* Debug */ = {
			isa = XCBuildConfiguration;
			buildSettings = {
				ASSETCATALOG_COMPILER_APPICON_NAME = AppIcon;
				COMBINE_HIDPI_IMAGES = YES;
				GCC_PRECOMPILE_PREFIX_HEADER = YES;
				GCC_PREFIX_HEADER = "ArtNetNodeMac/ArtNetNodeMac-Prefix.pch";
				HEADER_SEARCH_PATHS = (
					"$(inherited)",
					/Applications/Xcode.app/Contents/Developer/Toolchains/XcodeDefault.xctoolchain/usr/include,
					Vendor/libartnet,
					Vendor/ftd2xx,
					Vendor/libftdi1,
					Vendor/libusb,
					Vendor/liblo,
				);
				INFOPLIST_FILE = "ArtNetNodeMac/ArtNetNodeMac-Info.plist";
				LIBRARY_SEARCH_PATHS = (
					Vendor/libusb,
					/Users/tnayuki/Developer/Xcode/ArtNetNodeMac/Vendor/libusb,
				);
				PRODUCT_NAME = "$(TARGET_NAME)";
				WRAPPER_EXTENSION = app;
			};
			name = Debug;
		};
		E939417E182C919900BDF381 /* Release */ = {
			isa = XCBuildConfiguration;
			buildSettings = {
				ASSETCATALOG_COMPILER_APPICON_NAME = AppIcon;
				COMBINE_HIDPI_IMAGES = YES;
				GCC_PRECOMPILE_PREFIX_HEADER = YES;
				GCC_PREFIX_HEADER = "ArtNetNodeMac/ArtNetNodeMac-Prefix.pch";
				HEADER_SEARCH_PATHS = (
					"$(inherited)",
					/Applications/Xcode.app/Contents/Developer/Toolchains/XcodeDefault.xctoolchain/usr/include,
					Vendor/libartnet,
					Vendor/ftd2xx,
					Vendor/libftdi1,
					Vendor/libusb,
					Vendor/liblo,
				);
				INFOPLIST_FILE = "ArtNetNodeMac/ArtNetNodeMac-Info.plist";
				LIBRARY_SEARCH_PATHS = (
					Vendor/libusb,
					/Users/tnayuki/Developer/Xcode/ArtNetNodeMac/Vendor/libusb,
				);
				PRODUCT_NAME = "$(TARGET_NAME)";
				WRAPPER_EXTENSION = app;
			};
			name = Release;
		};
		E9394180182C919900BDF381 /* Debug */ = {
			isa = XCBuildConfiguration;
			buildSettings = {
				BUNDLE_LOADER = "$(BUILT_PRODUCTS_DIR)/ArtNetNodeMac.app/Contents/MacOS/ArtNetNodeMac";
				COMBINE_HIDPI_IMAGES = YES;
				FRAMEWORK_SEARCH_PATHS = (
					"$(DEVELOPER_FRAMEWORKS_DIR)",
					"$(inherited)",
				);
				GCC_PRECOMPILE_PREFIX_HEADER = YES;
				GCC_PREFIX_HEADER = "ArtNetNodeMac/ArtNetNodeMac-Prefix.pch";
				GCC_PREPROCESSOR_DEFINITIONS = (
					"DEBUG=1",
					"$(inherited)",
				);
				INFOPLIST_FILE = "ArtNetNodeMacTests/ArtNetNodeMacTests-Info.plist";
				LIBRARY_SEARCH_PATHS = (
					"$(inherited)",
					/Users/tnayuki/Developer/Xcode/ArtNetNodeMac/Vendor/libusb,
				);
				PRODUCT_NAME = "$(TARGET_NAME)";
				TEST_HOST = "$(BUNDLE_LOADER)";
				WRAPPER_EXTENSION = xctest;
			};
			name = Debug;
		};
		E9394181182C919900BDF381 /* Release */ = {
			isa = XCBuildConfiguration;
			buildSettings = {
				BUNDLE_LOADER = "$(BUILT_PRODUCTS_DIR)/ArtNetNodeMac.app/Contents/MacOS/ArtNetNodeMac";
				COMBINE_HIDPI_IMAGES = YES;
				FRAMEWORK_SEARCH_PATHS = (
					"$(DEVELOPER_FRAMEWORKS_DIR)",
					"$(inherited)",
				);
				GCC_PRECOMPILE_PREFIX_HEADER = YES;
				GCC_PREFIX_HEADER = "ArtNetNodeMac/ArtNetNodeMac-Prefix.pch";
				INFOPLIST_FILE = "ArtNetNodeMacTests/ArtNetNodeMacTests-Info.plist";
				LIBRARY_SEARCH_PATHS = (
					"$(inherited)",
					/Users/tnayuki/Developer/Xcode/ArtNetNodeMac/Vendor/libusb,
				);
				PRODUCT_NAME = "$(TARGET_NAME)";
				TEST_HOST = "$(BUNDLE_LOADER)";
				WRAPPER_EXTENSION = xctest;
			};
			name = Release;
		};
/* End XCBuildConfiguration section */

/* Begin XCConfigurationList section */
		E9394146182C919900BDF381 /* Build configuration list for PBXProject "ArtNetNodeMac" */ = {
			isa = XCConfigurationList;
			buildConfigurations = (
				E939417A182C919900BDF381 /* Debug */,
				E939417B182C919900BDF381 /* Release */,
			);
			defaultConfigurationIsVisible = 0;
			defaultConfigurationName = Release;
		};
		E939417C182C919900BDF381 /* Build configuration list for PBXNativeTarget "ArtNetNodeMac" */ = {
			isa = XCConfigurationList;
			buildConfigurations = (
				E939417D182C919900BDF381 /* Debug */,
				E939417E182C919900BDF381 /* Release */,
			);
			defaultConfigurationIsVisible = 0;
			defaultConfigurationName = Release;
		};
		E939417F182C919900BDF381 /* Build configuration list for PBXNativeTarget "ArtNetNodeMacTests" */ = {
			isa = XCConfigurationList;
			buildConfigurations = (
				E9394180182C919900BDF381 /* Debug */,
				E9394181182C919900BDF381 /* Release */,
			);
			defaultConfigurationIsVisible = 0;
			defaultConfigurationName = Release;
		};
/* End XCConfigurationList section */
	};
	rootObject = E9394143182C919900BDF381 /* Project object */;
}
