// !$*UTF8*$!
{
	archiveVersion = 1;
	classes = {
	};
	objectVersion = 46;
	objects = {

/* Begin PBXBuildFile section */
		E92729B71830973F000E7BC5 /* ftdi.c in Sources */ = {isa = PBXBuildFile; fileRef = E92729B01830973F000E7BC5 /* ftdi.c */; };
		E92729B81830973F000E7BC5 /* ftdi.c in Sources */ = {isa = PBXBuildFile; fileRef = E92729B01830973F000E7BC5 /* ftdi.c */; };
		E92729B91830973F000E7BC5 /* ftdi_stream.c in Sources */ = {isa = PBXBuildFile; fileRef = E92729B31830973F000E7BC5 /* ftdi_stream.c */; };
		E92729BA1830973F000E7BC5 /* ftdi_stream.c in Sources */ = {isa = PBXBuildFile; fileRef = E92729B31830973F000E7BC5 /* ftdi_stream.c */; };
		E939414F182C919900BDF381 /* Cocoa.framework in Frameworks */ = {isa = PBXBuildFile; fileRef = E939414E182C919900BDF381 /* Cocoa.framework */; };
		E939416E182C919900BDF381 /* XCTest.framework in Frameworks */ = {isa = PBXBuildFile; fileRef = E939416D182C919900BDF381 /* XCTest.framework */; };
		E939416F182C919900BDF381 /* Cocoa.framework in Frameworks */ = {isa = PBXBuildFile; fileRef = E939414E182C919900BDF381 /* Cocoa.framework */; };
		E99FEB081859B09400919375 /* IOKit.framework in Frameworks */ = {isa = PBXBuildFile; fileRef = E99FEB071859B09400919375 /* IOKit.framework */; };
		E99FEB091859B0A500919375 /* IOKit.framework in Frameworks */ = {isa = PBXBuildFile; fileRef = E99FEB071859B09400919375 /* IOKit.framework */; };
		E99FEB50185A02B100919375 /* address.c in Sources */ = {isa = PBXBuildFile; fileRef = E99FEB43185A02B100919375 /* address.c */; };
		E99FEB51185A02B100919375 /* address.c in Sources */ = {isa = PBXBuildFile; fileRef = E99FEB43185A02B100919375 /* address.c */; };
		E99FEB52185A02B100919375 /* blob.c in Sources */ = {isa = PBXBuildFile; fileRef = E99FEB44185A02B100919375 /* blob.c */; };
		E99FEB53185A02B100919375 /* blob.c in Sources */ = {isa = PBXBuildFile; fileRef = E99FEB44185A02B100919375 /* blob.c */; };
		E99FEB54185A02B100919375 /* bundle.c in Sources */ = {isa = PBXBuildFile; fileRef = E99FEB45185A02B100919375 /* bundle.c */; };
		E99FEB55185A02B100919375 /* bundle.c in Sources */ = {isa = PBXBuildFile; fileRef = E99FEB45185A02B100919375 /* bundle.c */; };
		E99FEB56185A02B100919375 /* message.c in Sources */ = {isa = PBXBuildFile; fileRef = E99FEB49185A02B100919375 /* message.c */; };
		E99FEB57185A02B100919375 /* message.c in Sources */ = {isa = PBXBuildFile; fileRef = E99FEB49185A02B100919375 /* message.c */; };
		E99FEB58185A02B100919375 /* method.c in Sources */ = {isa = PBXBuildFile; fileRef = E99FEB4A185A02B100919375 /* method.c */; };
		E99FEB59185A02B100919375 /* method.c in Sources */ = {isa = PBXBuildFile; fileRef = E99FEB4A185A02B100919375 /* method.c */; };
		E99FEB5A185A02B100919375 /* pattern_match.c in Sources */ = {isa = PBXBuildFile; fileRef = E99FEB4B185A02B100919375 /* pattern_match.c */; };
		E99FEB5B185A02B100919375 /* pattern_match.c in Sources */ = {isa = PBXBuildFile; fileRef = E99FEB4B185A02B100919375 /* pattern_match.c */; };
		E99FEB5C185A02B100919375 /* send.c in Sources */ = {isa = PBXBuildFile; fileRef = E99FEB4C185A02B100919375 /* send.c */; };
		E99FEB5D185A02B100919375 /* send.c in Sources */ = {isa = PBXBuildFile; fileRef = E99FEB4C185A02B100919375 /* send.c */; };
		E99FEB5E185A02B100919375 /* server_thread.c in Sources */ = {isa = PBXBuildFile; fileRef = E99FEB4D185A02B100919375 /* server_thread.c */; };
		E99FEB5F185A02B100919375 /* server_thread.c in Sources */ = {isa = PBXBuildFile; fileRef = E99FEB4D185A02B100919375 /* server_thread.c */; };
		E99FEB60185A02B100919375 /* server.c in Sources */ = {isa = PBXBuildFile; fileRef = E99FEB4E185A02B100919375 /* server.c */; };
		E99FEB61185A02B100919375 /* server.c in Sources */ = {isa = PBXBuildFile; fileRef = E99FEB4E185A02B100919375 /* server.c */; };
		E99FEB62185A02B100919375 /* timetag.c in Sources */ = {isa = PBXBuildFile; fileRef = E99FEB4F185A02B100919375 /* timetag.c */; };
		E99FEB63185A02B100919375 /* timetag.c in Sources */ = {isa = PBXBuildFile; fileRef = E99FEB4F185A02B100919375 /* timetag.c */; };
		E99FEB79185A042000919375 /* core.c in Sources */ = {isa = PBXBuildFile; fileRef = E99FEB64185A042000919375 /* core.c */; };
		E99FEB7A185A042000919375 /* core.c in Sources */ = {isa = PBXBuildFile; fileRef = E99FEB64185A042000919375 /* core.c */; };
		E99FEB7B185A042000919375 /* descriptor.c in Sources */ = {isa = PBXBuildFile; fileRef = E99FEB65185A042000919375 /* descriptor.c */; };
		E99FEB7C185A042000919375 /* descriptor.c in Sources */ = {isa = PBXBuildFile; fileRef = E99FEB65185A042000919375 /* descriptor.c */; };
		E99FEB7D185A042000919375 /* io.c in Sources */ = {isa = PBXBuildFile; fileRef = E99FEB66185A042000919375 /* io.c */; };
		E99FEB7E185A042000919375 /* io.c in Sources */ = {isa = PBXBuildFile; fileRef = E99FEB66185A042000919375 /* io.c */; };
		E99FEB7F185A042000919375 /* darwin_usb.c in Sources */ = {isa = PBXBuildFile; fileRef = E99FEB69185A042000919375 /* darwin_usb.c */; };
		E99FEB80185A042000919375 /* darwin_usb.c in Sources */ = {isa = PBXBuildFile; fileRef = E99FEB69185A042000919375 /* darwin_usb.c */; };
		E99FEB87185A042000919375 /* threads_posix.c in Sources */ = {isa = PBXBuildFile; fileRef = E99FEB71185A042000919375 /* threads_posix.c */; };
		E99FEB88185A042000919375 /* threads_posix.c in Sources */ = {isa = PBXBuildFile; fileRef = E99FEB71185A042000919375 /* threads_posix.c */; };
		E99FEB8D185A042000919375 /* sync.c in Sources */ = {isa = PBXBuildFile; fileRef = E99FEB77185A042000919375 /* sync.c */; };
		E99FEB8E185A042000919375 /* sync.c in Sources */ = {isa = PBXBuildFile; fileRef = E99FEB77185A042000919375 /* sync.c */; };
		E99FEB98185AB21200919375 /* AppDelegate.m in Sources */ = {isa = PBXBuildFile; fileRef = E99FEB94185AB21200919375 /* AppDelegate.m */; };
		E99FEB9A185AB21200919375 /* MainMenu.xib in Resources */ = {isa = PBXBuildFile; fileRef = E99FEB95185AB21200919375 /* MainMenu.xib */; };
		E99FEB9B185AB21200919375 /* MainMenu.xib in Resources */ = {isa = PBXBuildFile; fileRef = E99FEB95185AB21200919375 /* MainMenu.xib */; };
		E99FEB9C185AB21200919375 /* Images.xcassets in Resources */ = {isa = PBXBuildFile; fileRef = E99FEB97185AB21200919375 /* Images.xcassets */; };
		E99FEBA1185AB23200919375 /* main.m in Sources */ = {isa = PBXBuildFile; fileRef = E99FEB9E185AB23200919375 /* main.m */; };
		E99FEBAD185AB25800919375 /* Credits.rtf in Resources */ = {isa = PBXBuildFile; fileRef = E99FEBA9185AB25800919375 /* Credits.rtf */; };
		E99FEBAF185AB25800919375 /* InfoPlist.strings in Resources */ = {isa = PBXBuildFile; fileRef = E99FEBAB185AB25800919375 /* InfoPlist.strings */; };
		E99FEBB4185AB34900919375 /* OSC2OpenDMXUSBTests.m in Sources */ = {isa = PBXBuildFile; fileRef = E99FEBB2185AB34900919375 /* OSC2OpenDMXUSBTests.m */; };
		E99FEBB9185AB35800919375 /* InfoPlist.strings in Resources */ = {isa = PBXBuildFile; fileRef = E99FEBB5185AB35800919375 /* InfoPlist.strings */; };
/* End PBXBuildFile section */

/* Begin PBXContainerItemProxy section */
		E9394170182C919900BDF381 /* PBXContainerItemProxy */ = {
			isa = PBXContainerItemProxy;
			containerPortal = E9394143182C919900BDF381 /* Project object */;
			proxyType = 1;
			remoteGlobalIDString = E939414A182C919900BDF381;
			remoteInfo = OSC2OpenDMXUSB;
		};
/* End PBXContainerItemProxy section */

/* Begin PBXFileReference section */
		E920033E1859AD9A00415DFF /* lo.h */ = {isa = PBXFileReference; fileEncoding = 4; lastKnownFileType = sourcecode.c.h; path = lo.h; sourceTree = "<group>"; };
		E920033F1859AD9A00415DFF /* lo_endian.h */ = {isa = PBXFileReference; fileEncoding = 4; lastKnownFileType = sourcecode.c.h; path = lo_endian.h; sourceTree = "<group>"; };
		E92003411859AD9A00415DFF /* lo_errors.h */ = {isa = PBXFileReference; fileEncoding = 4; lastKnownFileType = sourcecode.c.h; path = lo_errors.h; sourceTree = "<group>"; };
		E92003431859AD9A00415DFF /* lo_lowlevel.h */ = {isa = PBXFileReference; fileEncoding = 4; lastKnownFileType = sourcecode.c.h; path = lo_lowlevel.h; sourceTree = "<group>"; };
		E92003441859AD9A00415DFF /* lo_macros.h */ = {isa = PBXFileReference; fileEncoding = 4; lastKnownFileType = sourcecode.c.h; path = lo_macros.h; sourceTree = "<group>"; };
		E92003451859AD9A00415DFF /* lo_osc_types.h */ = {isa = PBXFileReference; fileEncoding = 4; lastKnownFileType = sourcecode.c.h; path = lo_osc_types.h; sourceTree = "<group>"; };
		E92003461859AD9A00415DFF /* lo_throw.h */ = {isa = PBXFileReference; fileEncoding = 4; lastKnownFileType = sourcecode.c.h; path = lo_throw.h; sourceTree = "<group>"; };
		E92003471859AD9A00415DFF /* lo_types.h */ = {isa = PBXFileReference; fileEncoding = 4; lastKnownFileType = sourcecode.c.h; path = lo_types.h; sourceTree = "<group>"; };
		E92729AE1830973F000E7BC5 /* libusb.h */ = {isa = PBXFileReference; fileEncoding = 4; lastKnownFileType = sourcecode.c.h; path = libusb.h; sourceTree = "<group>"; };
		E92729B01830973F000E7BC5 /* ftdi.c */ = {isa = PBXFileReference; fileEncoding = 4; lastKnownFileType = sourcecode.c.c; path = ftdi.c; sourceTree = "<group>"; };
		E92729B11830973F000E7BC5 /* ftdi.h */ = {isa = PBXFileReference; fileEncoding = 4; lastKnownFileType = sourcecode.c.h; path = ftdi.h; sourceTree = "<group>"; };
		E92729B21830973F000E7BC5 /* ftdi_i.h */ = {isa = PBXFileReference; fileEncoding = 4; lastKnownFileType = sourcecode.c.h; path = ftdi_i.h; sourceTree = "<group>"; };
		E92729B31830973F000E7BC5 /* ftdi_stream.c */ = {isa = PBXFileReference; fileEncoding = 4; lastKnownFileType = sourcecode.c.c; path = ftdi_stream.c; sourceTree = "<group>"; };
		E92729B41830973F000E7BC5 /* ftdi_version_i.h */ = {isa = PBXFileReference; fileEncoding = 4; lastKnownFileType = sourcecode.c.h; path = ftdi_version_i.h; sourceTree = "<group>"; };
		E939414B182C919900BDF381 /* OSC2OpenDMXUSB.app */ = {isa = PBXFileReference; explicitFileType = wrapper.application; includeInIndex = 0; path = OSC2OpenDMXUSB.app; sourceTree = BUILT_PRODUCTS_DIR; };
		E939414E182C919900BDF381 /* Cocoa.framework */ = {isa = PBXFileReference; lastKnownFileType = wrapper.framework; name = Cocoa.framework; path = System/Library/Frameworks/Cocoa.framework; sourceTree = SDKROOT; };
		E9394151182C919900BDF381 /* AppKit.framework */ = {isa = PBXFileReference; lastKnownFileType = wrapper.framework; name = AppKit.framework; path = System/Library/Frameworks/AppKit.framework; sourceTree = SDKROOT; };
		E9394152182C919900BDF381 /* CoreData.framework */ = {isa = PBXFileReference; lastKnownFileType = wrapper.framework; name = CoreData.framework; path = System/Library/Frameworks/CoreData.framework; sourceTree = SDKROOT; };
		E9394153182C919900BDF381 /* Foundation.framework */ = {isa = PBXFileReference; lastKnownFileType = wrapper.framework; name = Foundation.framework; path = System/Library/Frameworks/Foundation.framework; sourceTree = SDKROOT; };
		E939416C182C919900BDF381 /* OSC2OpenDMXUSBTests.xctest */ = {isa = PBXFileReference; explicitFileType = wrapper.cfbundle; includeInIndex = 0; path = OSC2OpenDMXUSBTests.xctest; sourceTree = BUILT_PRODUCTS_DIR; };
		E939416D182C919900BDF381 /* XCTest.framework */ = {isa = PBXFileReference; lastKnownFileType = wrapper.framework; name = XCTest.framework; path = Library/Frameworks/XCTest.framework; sourceTree = DEVELOPER_DIR; };
		E99FEB071859B09400919375 /* IOKit.framework */ = {isa = PBXFileReference; lastKnownFileType = wrapper.framework; name = IOKit.framework; path = System/Library/Frameworks/IOKit.framework; sourceTree = SDKROOT; };
		E99FEB41185A029500919375 /* lo_cpp.h */ = {isa = PBXFileReference; fileEncoding = 4; lastKnownFileType = sourcecode.c.h; path = lo_cpp.h; sourceTree = "<group>"; };
		E99FEB42185A029500919375 /* lo_serverthread.h */ = {isa = PBXFileReference; fileEncoding = 4; lastKnownFileType = sourcecode.c.h; path = lo_serverthread.h; sourceTree = "<group>"; };
		E99FEB43185A02B100919375 /* address.c */ = {isa = PBXFileReference; fileEncoding = 4; lastKnownFileType = sourcecode.c.c; path = address.c; sourceTree = "<group>"; };
		E99FEB44185A02B100919375 /* blob.c */ = {isa = PBXFileReference; fileEncoding = 4; lastKnownFileType = sourcecode.c.c; path = blob.c; sourceTree = "<group>"; };
		E99FEB45185A02B100919375 /* bundle.c */ = {isa = PBXFileReference; fileEncoding = 4; lastKnownFileType = sourcecode.c.c; path = bundle.c; sourceTree = "<group>"; };
		E99FEB46185A02B100919375 /* config.h */ = {isa = PBXFileReference; fileEncoding = 4; lastKnownFileType = sourcecode.c.h; path = config.h; sourceTree = "<group>"; };
		E99FEB47185A02B100919375 /* lo_internal.h */ = {isa = PBXFileReference; fileEncoding = 4; lastKnownFileType = sourcecode.c.h; path = lo_internal.h; sourceTree = "<group>"; };
		E99FEB48185A02B100919375 /* lo_types_internal.h */ = {isa = PBXFileReference; fileEncoding = 4; lastKnownFileType = sourcecode.c.h; path = lo_types_internal.h; sourceTree = "<group>"; };
		E99FEB49185A02B100919375 /* message.c */ = {isa = PBXFileReference; fileEncoding = 4; lastKnownFileType = sourcecode.c.c; path = message.c; sourceTree = "<group>"; };
		E99FEB4A185A02B100919375 /* method.c */ = {isa = PBXFileReference; fileEncoding = 4; lastKnownFileType = sourcecode.c.c; path = method.c; sourceTree = "<group>"; };
		E99FEB4B185A02B100919375 /* pattern_match.c */ = {isa = PBXFileReference; fileEncoding = 4; lastKnownFileType = sourcecode.c.c; path = pattern_match.c; sourceTree = "<group>"; };
		E99FEB4C185A02B100919375 /* send.c */ = {isa = PBXFileReference; fileEncoding = 4; lastKnownFileType = sourcecode.c.c; path = send.c; sourceTree = "<group>"; };
		E99FEB4D185A02B100919375 /* server_thread.c */ = {isa = PBXFileReference; fileEncoding = 4; lastKnownFileType = sourcecode.c.c; path = server_thread.c; sourceTree = "<group>"; };
		E99FEB4E185A02B100919375 /* server.c */ = {isa = PBXFileReference; fileEncoding = 4; lastKnownFileType = sourcecode.c.c; path = server.c; sourceTree = "<group>"; };
		E99FEB4F185A02B100919375 /* timetag.c */ = {isa = PBXFileReference; fileEncoding = 4; lastKnownFileType = sourcecode.c.c; path = timetag.c; sourceTree = "<group>"; };
		E99FEB64185A042000919375 /* core.c */ = {isa = PBXFileReference; fileEncoding = 4; lastKnownFileType = sourcecode.c.c; path = core.c; sourceTree = "<group>"; };
		E99FEB65185A042000919375 /* descriptor.c */ = {isa = PBXFileReference; fileEncoding = 4; lastKnownFileType = sourcecode.c.c; path = descriptor.c; sourceTree = "<group>"; };
		E99FEB66185A042000919375 /* io.c */ = {isa = PBXFileReference; fileEncoding = 4; lastKnownFileType = sourcecode.c.c; path = io.c; sourceTree = "<group>"; };
		E99FEB67185A042000919375 /* libusbi.h */ = {isa = PBXFileReference; fileEncoding = 4; lastKnownFileType = sourcecode.c.h; path = libusbi.h; sourceTree = "<group>"; };
		E99FEB69185A042000919375 /* darwin_usb.c */ = {isa = PBXFileReference; fileEncoding = 4; lastKnownFileType = sourcecode.c.c; path = darwin_usb.c; sourceTree = "<group>"; };
		E99FEB6A185A042000919375 /* darwin_usb.h */ = {isa = PBXFileReference; fileEncoding = 4; lastKnownFileType = sourcecode.c.h; path = darwin_usb.h; sourceTree = "<group>"; };
		E99FEB6E185A042000919375 /* poll_posix.h */ = {isa = PBXFileReference; fileEncoding = 4; lastKnownFileType = sourcecode.c.h; path = poll_posix.h; sourceTree = "<group>"; };
		E99FEB71185A042000919375 /* threads_posix.c */ = {isa = PBXFileReference; fileEncoding = 4; lastKnownFileType = sourcecode.c.c; path = threads_posix.c; sourceTree = "<group>"; };
		E99FEB72185A042000919375 /* threads_posix.h */ = {isa = PBXFileReference; fileEncoding = 4; lastKnownFileType = sourcecode.c.h; path = threads_posix.h; sourceTree = "<group>"; };
		E99FEB77185A042000919375 /* sync.c */ = {isa = PBXFileReference; fileEncoding = 4; lastKnownFileType = sourcecode.c.c; path = sync.c; sourceTree = "<group>"; };
		E99FEB78185A042000919375 /* version.h */ = {isa = PBXFileReference; fileEncoding = 4; lastKnownFileType = sourcecode.c.h; path = version.h; sourceTree = "<group>"; };
		E99FEB8F185A048E00919375 /* config.h */ = {isa = PBXFileReference; fileEncoding = 4; lastKnownFileType = sourcecode.c.h; path = config.h; sourceTree = "<group>"; };
		E99FEB93185AB21200919375 /* AppDelegate.h */ = {isa = PBXFileReference; fileEncoding = 4; lastKnownFileType = sourcecode.c.h; name = AppDelegate.h; path = OSC2OpenDMXUSB/AppDelegate.h; sourceTree = SOURCE_ROOT; };
		E99FEB94185AB21200919375 /* AppDelegate.m */ = {isa = PBXFileReference; fileEncoding = 4; lastKnownFileType = sourcecode.c.objc; name = AppDelegate.m; path = OSC2OpenDMXUSB/AppDelegate.m; sourceTree = SOURCE_ROOT; };
		E99FEB96185AB21200919375 /* Base */ = {isa = PBXFileReference; lastKnownFileType = file.xib; name = Base; path = OSC2OpenDMXUSB/Base.lproj/MainMenu.xib; sourceTree = SOURCE_ROOT; };
		E99FEB97185AB21200919375 /* Images.xcassets */ = {isa = PBXFileReference; lastKnownFileType = folder.assetcatalog; name = Images.xcassets; path = OSC2OpenDMXUSB/Images.xcassets; sourceTree = SOURCE_ROOT; };
		E99FEB9E185AB23200919375 /* main.m */ = {isa = PBXFileReference; fileEncoding = 4; lastKnownFileType = sourcecode.c.objc; name = main.m; path = OSC2OpenDMXUSB/main.m; sourceTree = SOURCE_ROOT; };
		E99FEB9F185AB23200919375 /* OSC2OpenDMXUSB-Info.plist */ = {isa = PBXFileReference; fileEncoding = 4; lastKnownFileType = text.plist.xml; name = "OSC2OpenDMXUSB-Info.plist"; path = "OSC2OpenDMXUSB/OSC2OpenDMXUSB-Info.plist"; sourceTree = SOURCE_ROOT; };
		E99FEBA0185AB23200919375 /* OSC2OpenDMXUSB-Prefix.pch */ = {isa = PBXFileReference; fileEncoding = 4; lastKnownFileType = sourcecode.c.h; name = "OSC2OpenDMXUSB-Prefix.pch"; path = "OSC2OpenDMXUSB/OSC2OpenDMXUSB-Prefix.pch"; sourceTree = SOURCE_ROOT; };
		E99FEBAA185AB25800919375 /* en */ = {isa = PBXFileReference; lastKnownFileType = text.rtf; name = en; path = Credits.rtf; sourceTree = "<group>"; };
		E99FEBAC185AB25800919375 /* en */ = {isa = PBXFileReference; lastKnownFileType = text.plist.strings; name = en; path = InfoPlist.strings; sourceTree = "<group>"; };
		E99FEBB2185AB34900919375 /* OSC2OpenDMXUSBTests.m */ = {isa = PBXFileReference; fileEncoding = 4; lastKnownFileType = sourcecode.c.objc; name = OSC2OpenDMXUSBTests.m; path = OSC2OpenDMXUSBTests/OSC2OpenDMXUSBTests.m; sourceTree = SOURCE_ROOT; };
		E99FEBB6185AB35800919375 /* en */ = {isa = PBXFileReference; lastKnownFileType = text.plist.strings; name = en; path = OSC2OpenDMXUSBTests/en.lproj/InfoPlist.strings; sourceTree = SOURCE_ROOT; };
		E99FEBB7185AB35800919375 /* OSC2OpenDMXUSBTests-Info.plist */ = {isa = PBXFileReference; fileEncoding = 4; lastKnownFileType = text.plist.xml; name = "OSC2OpenDMXUSBTests-Info.plist"; path = "OSC2OpenDMXUSBTests/OSC2OpenDMXUSBTests-Info.plist"; sourceTree = SOURCE_ROOT; };
/* End PBXFileReference section */

/* Begin PBXFrameworksBuildPhase section */
		E9394148182C919900BDF381 /* Frameworks */ = {
			isa = PBXFrameworksBuildPhase;
			buildActionMask = 2147483647;
			files = (
				E939414F182C919900BDF381 /* Cocoa.framework in Frameworks */,
				E99FEB081859B09400919375 /* IOKit.framework in Frameworks */,
			);
			runOnlyForDeploymentPostprocessing = 0;
		};
		E9394169182C919900BDF381 /* Frameworks */ = {
			isa = PBXFrameworksBuildPhase;
			buildActionMask = 2147483647;
			files = (
				E939416F182C919900BDF381 /* Cocoa.framework in Frameworks */,
				E939416E182C919900BDF381 /* XCTest.framework in Frameworks */,
				E99FEB091859B0A500919375 /* IOKit.framework in Frameworks */,
			);
			runOnlyForDeploymentPostprocessing = 0;
		};
/* End PBXFrameworksBuildPhase section */

/* Begin PBXGroup section */
		E92003381859AD9A00415DFF /* liblo */ = {
			isa = PBXGroup;
			children = (
				E99FEB43185A02B100919375 /* address.c */,
				E99FEB44185A02B100919375 /* blob.c */,
				E99FEB45185A02B100919375 /* bundle.c */,
				E99FEB46185A02B100919375 /* config.h */,
				E99FEB47185A02B100919375 /* lo_internal.h */,
				E99FEB48185A02B100919375 /* lo_types_internal.h */,
				E99FEB49185A02B100919375 /* message.c */,
				E99FEB4A185A02B100919375 /* method.c */,
				E99FEB4B185A02B100919375 /* pattern_match.c */,
				E99FEB4C185A02B100919375 /* send.c */,
				E99FEB4D185A02B100919375 /* server_thread.c */,
				E99FEB4E185A02B100919375 /* server.c */,
				E99FEB4F185A02B100919375 /* timetag.c */,
				E92003391859AD9A00415DFF /* lo */,
			);
			path = liblo;
			sourceTree = "<group>";
		};
		E92003391859AD9A00415DFF /* lo */ = {
			isa = PBXGroup;
			children = (
				E99FEB41185A029500919375 /* lo_cpp.h */,
				E920033F1859AD9A00415DFF /* lo_endian.h */,
				E92003411859AD9A00415DFF /* lo_errors.h */,
				E92003431859AD9A00415DFF /* lo_lowlevel.h */,
				E92003441859AD9A00415DFF /* lo_macros.h */,
				E92003451859AD9A00415DFF /* lo_osc_types.h */,
				E99FEB42185A029500919375 /* lo_serverthread.h */,
				E92003461859AD9A00415DFF /* lo_throw.h */,
				E92003471859AD9A00415DFF /* lo_types.h */,
				E920033E1859AD9A00415DFF /* lo.h */,
			);
			path = lo;
			sourceTree = "<group>";
		};
		E92729AC1830973F000E7BC5 /* libusb */ = {
			isa = PBXGroup;
			children = (
				E99FEB8F185A048E00919375 /* config.h */,
				E99FEB64185A042000919375 /* core.c */,
				E99FEB65185A042000919375 /* descriptor.c */,
				E99FEB66185A042000919375 /* io.c */,
				E92729AE1830973F000E7BC5 /* libusb.h */,
				E99FEB67185A042000919375 /* libusbi.h */,
				E99FEB68185A042000919375 /* os */,
				E99FEB77185A042000919375 /* sync.c */,
				E99FEB78185A042000919375 /* version.h */,
			);
			path = libusb;
			sourceTree = "<group>";
		};
		E92729AF1830973F000E7BC5 /* libftdi1 */ = {
			isa = PBXGroup;
			children = (
				E92729B01830973F000E7BC5 /* ftdi.c */,
				E92729B11830973F000E7BC5 /* ftdi.h */,
				E92729B21830973F000E7BC5 /* ftdi_i.h */,
				E92729B31830973F000E7BC5 /* ftdi_stream.c */,
				E92729B41830973F000E7BC5 /* ftdi_version_i.h */,
			);
			path = libftdi1;
			sourceTree = "<group>";
		};
		E9394142182C919900BDF381 = {
			isa = PBXGroup;
			children = (
				E9394154182C919900BDF381 /* OSC2OpenDMXUSB */,
				E9394172182C919900BDF381 /* OSC2OpenDMXUSBTests */,
				E9394182182C922300BDF381 /* Vendor */,
				E939414D182C919900BDF381 /* Frameworks */,
				E939414C182C919900BDF381 /* Products */,
			);
			sourceTree = "<group>";
		};
		E939414C182C919900BDF381 /* Products */ = {
			isa = PBXGroup;
			children = (
				E939414B182C919900BDF381 /* OSC2OpenDMXUSB.app */,
				E939416C182C919900BDF381 /* OSC2OpenDMXUSBTests.xctest */,
			);
			name = Products;
			sourceTree = "<group>";
		};
		E939414D182C919900BDF381 /* Frameworks */ = {
			isa = PBXGroup;
			children = (
				E99FEB071859B09400919375 /* IOKit.framework */,
				E939414E182C919900BDF381 /* Cocoa.framework */,
				E939416D182C919900BDF381 /* XCTest.framework */,
				E9394150182C919900BDF381 /* Other Frameworks */,
			);
			name = Frameworks;
			sourceTree = "<group>";
		};
		E9394150182C919900BDF381 /* Other Frameworks */ = {
			isa = PBXGroup;
			children = (
				E9394151182C919900BDF381 /* AppKit.framework */,
				E9394152182C919900BDF381 /* CoreData.framework */,
				E9394153182C919900BDF381 /* Foundation.framework */,
			);
			name = "Other Frameworks";
			sourceTree = "<group>";
		};
		E9394154182C919900BDF381 /* OSC2OpenDMXUSB */ = {
			isa = PBXGroup;
			children = (
				E99FEB93185AB21200919375 /* AppDelegate.h */,
				E99FEB94185AB21200919375 /* AppDelegate.m */,
				E99FEB95185AB21200919375 /* MainMenu.xib */,
				E99FEB97185AB21200919375 /* Images.xcassets */,
				E9394155182C919900BDF381 /* Supporting Files */,
			);
			path = OSC2OpenDMXUSB;
			sourceTree = "<group>";
		};
		E9394155182C919900BDF381 /* Supporting Files */ = {
			isa = PBXGroup;
			children = (
				E99FEB9F185AB23200919375 /* OSC2OpenDMXUSB-Info.plist */,
				E99FEBAB185AB25800919375 /* InfoPlist.strings */,
				E99FEB9E185AB23200919375 /* main.m */,
				E99FEBA0185AB23200919375 /* OSC2OpenDMXUSB-Prefix.pch */,
				E99FEBA9185AB25800919375 /* Credits.rtf */,
			);
			name = "Supporting Files";
			sourceTree = "<group>";
		};
		E9394172182C919900BDF381 /* OSC2OpenDMXUSBTests */ = {
			isa = PBXGroup;
			children = (
				E99FEBB2185AB34900919375 /* OSC2OpenDMXUSBTests.m */,
				E9394173182C919900BDF381 /* Supporting Files */,
			);
			path = OSC2OpenDMXUSBTests;
			sourceTree = "<group>";
		};
		E9394173182C919900BDF381 /* Supporting Files */ = {
			isa = PBXGroup;
			children = (
				E99FEBB7185AB35800919375 /* OSC2OpenDMXUSBTests-Info.plist */,
				E99FEBB5185AB35800919375 /* InfoPlist.strings */,
			);
			name = "Supporting Files";
			sourceTree = "<group>";
		};
		E9394182182C922300BDF381 /* Vendor */ = {
			isa = PBXGroup;
			children = (
				E92003381859AD9A00415DFF /* liblo */,
				E92729AC1830973F000E7BC5 /* libusb */,
				E92729AF1830973F000E7BC5 /* libftdi1 */,
			);
			path = Vendor;
			sourceTree = "<group>";
		};
		E99FEB68185A042000919375 /* os */ = {
			isa = PBXGroup;
			children = (
				E99FEB69185A042000919375 /* darwin_usb.c */,
				E99FEB6A185A042000919375 /* darwin_usb.h */,
				E99FEB6E185A042000919375 /* poll_posix.h */,
				E99FEB71185A042000919375 /* threads_posix.c */,
				E99FEB72185A042000919375 /* threads_posix.h */,
			);
			path = os;
			sourceTree = "<group>";
		};
/* End PBXGroup section */

/* Begin PBXNativeTarget section */
		E939414A182C919900BDF381 /* OSC2OpenDMXUSB */ = {
			isa = PBXNativeTarget;
			buildConfigurationList = E939417C182C919900BDF381 /* Build configuration list for PBXNativeTarget "OSC2OpenDMXUSB" */;
			buildPhases = (
				E9394147182C919900BDF381 /* Sources */,
				E9394148182C919900BDF381 /* Frameworks */,
				E9394149182C919900BDF381 /* Resources */,
			);
			buildRules = (
			);
			dependencies = (
			);
			name = OSC2OpenDMXUSB;
			productName = OSC2OpenDMXUSB;
			productReference = E939414B182C919900BDF381 /* OSC2OpenDMXUSB.app */;
			productType = "com.apple.product-type.application";
		};
		E939416B182C919900BDF381 /* OSC2OpenDMXUSBTests */ = {
			isa = PBXNativeTarget;
			buildConfigurationList = E939417F182C919900BDF381 /* Build configuration list for PBXNativeTarget "OSC2OpenDMXUSBTests" */;
			buildPhases = (
				E9394168182C919900BDF381 /* Sources */,
				E9394169182C919900BDF381 /* Frameworks */,
				E939416A182C919900BDF381 /* Resources */,
			);
			buildRules = (
			);
			dependencies = (
				E9394171182C919900BDF381 /* PBXTargetDependency */,
			);
			name = OSC2OpenDMXUSBTests;
			productName = OSC2OpenDMXUSBTests;
			productReference = E939416C182C919900BDF381 /* OSC2OpenDMXUSBTests.xctest */;
			productType = "com.apple.product-type.bundle.unit-test";
		};
/* End PBXNativeTarget section */

/* Begin PBXProject section */
		E9394143182C919900BDF381 /* Project object */ = {
			isa = PBXProject;
			attributes = {
				LastUpgradeCheck = 0500;
				ORGANIZATIONNAME = "Toru Nayuki";
				TargetAttributes = {
					E939416B182C919900BDF381 = {
						TestTargetID = E939414A182C919900BDF381;
					};
				};
			};
			buildConfigurationList = E9394146182C919900BDF381 /* Build configuration list for PBXProject "OSC2OpenDMXUSB" */;
			compatibilityVersion = "Xcode 3.2";
			developmentRegion = English;
			hasScannedForEncodings = 0;
			knownRegions = (
				en,
				Base,
			);
			mainGroup = E9394142182C919900BDF381;
			productRefGroup = E939414C182C919900BDF381 /* Products */;
			projectDirPath = "";
			projectRoot = "";
			targets = (
				E939414A182C919900BDF381 /* OSC2OpenDMXUSB */,
				E939416B182C919900BDF381 /* OSC2OpenDMXUSBTests */,
			);
		};
/* End PBXProject section */

/* Begin PBXResourcesBuildPhase section */
		E9394149182C919900BDF381 /* Resources */ = {
			isa = PBXResourcesBuildPhase;
			buildActionMask = 2147483647;
			files = (
				E99FEB9C185AB21200919375 /* Images.xcassets in Resources */,
				E99FEB9A185AB21200919375 /* MainMenu.xib in Resources */,
				E99FEBAD185AB25800919375 /* Credits.rtf in Resources */,
				E99FEBAF185AB25800919375 /* InfoPlist.strings in Resources */,
			);
			runOnlyForDeploymentPostprocessing = 0;
		};
		E939416A182C919900BDF381 /* Resources */ = {
			isa = PBXResourcesBuildPhase;
			buildActionMask = 2147483647;
			files = (
				E99FEBB9185AB35800919375 /* InfoPlist.strings in Resources */,
				E99FEB9B185AB21200919375 /* MainMenu.xib in Resources */,
			);
			runOnlyForDeploymentPostprocessing = 0;
		};
/* End PBXResourcesBuildPhase section */

/* Begin PBXSourcesBuildPhase section */
		E9394147182C919900BDF381 /* Sources */ = {
			isa = PBXSourcesBuildPhase;
			buildActionMask = 2147483647;
			files = (
				E99FEB7D185A042000919375 /* io.c in Sources */,
				E99FEB87185A042000919375 /* threads_posix.c in Sources */,
				E92729B71830973F000E7BC5 /* ftdi.c in Sources */,
				E99FEB50185A02B100919375 /* address.c in Sources */,
				E99FEB98185AB21200919375 /* AppDelegate.m in Sources */,
				E99FEB62185A02B100919375 /* timetag.c in Sources */,
				E99FEB7F185A042000919375 /* darwin_usb.c in Sources */,
				E99FEB79185A042000919375 /* core.c in Sources */,
				E99FEB5A185A02B100919375 /* pattern_match.c in Sources */,
				E99FEB58185A02B100919375 /* method.c in Sources */,
				E99FEB5C185A02B100919375 /* send.c in Sources */,
				E99FEB54185A02B100919375 /* bundle.c in Sources */,
				E99FEB52185A02B100919375 /* blob.c in Sources */,
				E92729B91830973F000E7BC5 /* ftdi_stream.c in Sources */,
				E99FEB7B185A042000919375 /* descriptor.c in Sources */,
				E99FEB8D185A042000919375 /* sync.c in Sources */,
				E99FEB5E185A02B100919375 /* server_thread.c in Sources */,
				E99FEB60185A02B100919375 /* server.c in Sources */,
				E99FEBA1185AB23200919375 /* main.m in Sources */,
				E99FEB56185A02B100919375 /* message.c in Sources */,
			);
			runOnlyForDeploymentPostprocessing = 0;
		};
		E9394168182C919900BDF381 /* Sources */ = {
			isa = PBXSourcesBuildPhase;
			buildActionMask = 2147483647;
			files = (
				E99FEB53185A02B100919375 /* blob.c in Sources */,
				E99FEB63185A02B100919375 /* timetag.c in Sources */,
				E99FEB88185A042000919375 /* threads_posix.c in Sources */,
				E99FEB57185A02B100919375 /* message.c in Sources */,
				E99FEB5F185A02B100919375 /* server_thread.c in Sources */,
				E99FEB80185A042000919375 /* darwin_usb.c in Sources */,
				E99FEBB4185AB34900919375 /* OSC2OpenDMXUSBTests.m in Sources */,
				E99FEB59185A02B100919375 /* method.c in Sources */,
				E99FEB61185A02B100919375 /* server.c in Sources */,
				E99FEB51185A02B100919375 /* address.c in Sources */,
				E92729BA1830973F000E7BC5 /* ftdi_stream.c in Sources */,
				E99FEB5D185A02B100919375 /* send.c in Sources */,
				E99FEB8E185A042000919375 /* sync.c in Sources */,
				E99FEB55185A02B100919375 /* bundle.c in Sources */,
				E99FEB7A185A042000919375 /* core.c in Sources */,
				E92729B81830973F000E7BC5 /* ftdi.c in Sources */,
				E99FEB7E185A042000919375 /* io.c in Sources */,
				E99FEB5B185A02B100919375 /* pattern_match.c in Sources */,
				E99FEB7C185A042000919375 /* descriptor.c in Sources */,
			);
			runOnlyForDeploymentPostprocessing = 0;
		};
/* End PBXSourcesBuildPhase section */

/* Begin PBXTargetDependency section */
		E9394171182C919900BDF381 /* PBXTargetDependency */ = {
			isa = PBXTargetDependency;
			target = E939414A182C919900BDF381 /* OSC2OpenDMXUSB */;
			targetProxy = E9394170182C919900BDF381 /* PBXContainerItemProxy */;
		};
/* End PBXTargetDependency section */

/* Begin PBXVariantGroup section */
		E99FEB95185AB21200919375 /* MainMenu.xib */ = {
			isa = PBXVariantGroup;
			children = (
				E99FEB96185AB21200919375 /* Base */,
			);
			name = MainMenu.xib;
			sourceTree = "<group>";
		};
		E99FEBA9185AB25800919375 /* Credits.rtf */ = {
			isa = PBXVariantGroup;
			children = (
				E99FEBAA185AB25800919375 /* en */,
			);
			name = Credits.rtf;
			path = ../OSC2OpenDMXUSB/en.lproj;
			sourceTree = "<group>";
		};
		E99FEBAB185AB25800919375 /* InfoPlist.strings */ = {
			isa = PBXVariantGroup;
			children = (
				E99FEBAC185AB25800919375 /* en */,
			);
			name = InfoPlist.strings;
			path = ../OSC2OpenDMXUSB/en.lproj;
			sourceTree = "<group>";
		};
		E99FEBB5185AB35800919375 /* InfoPlist.strings */ = {
			isa = PBXVariantGroup;
			children = (
				E99FEBB6185AB35800919375 /* en */,
			);
			name = InfoPlist.strings;
			sourceTree = "<group>";
		};
/* End PBXVariantGroup section */

/* Begin XCBuildConfiguration section */
		E939417A182C919900BDF381 /* Debug */ = {
			isa = XCBuildConfiguration;
			buildSettings = {
				ALWAYS_SEARCH_USER_PATHS = NO;
				CLANG_CXX_LANGUAGE_STANDARD = "gnu++0x";
				CLANG_CXX_LIBRARY = "libc++";
				CLANG_ENABLE_OBJC_ARC = YES;
				CLANG_WARN_BOOL_CONVERSION = YES;
				CLANG_WARN_CONSTANT_CONVERSION = YES;
				CLANG_WARN_DIRECT_OBJC_ISA_USAGE = YES_ERROR;
				CLANG_WARN_EMPTY_BODY = YES;
				CLANG_WARN_ENUM_CONVERSION = YES;
				CLANG_WARN_INT_CONVERSION = YES;
				CLANG_WARN_OBJC_ROOT_CLASS = YES_ERROR;
				CLANG_WARN__DUPLICATE_METHOD_MATCH = YES;
				COPY_PHASE_STRIP = NO;
				GCC_C_LANGUAGE_STANDARD = gnu99;
				GCC_DYNAMIC_NO_PIC = NO;
				GCC_ENABLE_OBJC_EXCEPTIONS = YES;
				GCC_OPTIMIZATION_LEVEL = 0;
				GCC_PREPROCESSOR_DEFINITIONS = (
					"DEBUG=1",
					"$(inherited)",
					HAVE_CONFIG_H,
					LIBUSB_DESCRIBE,
				);
				GCC_SYMBOLS_PRIVATE_EXTERN = NO;
				GCC_WARN_64_TO_32_BIT_CONVERSION = YES;
				GCC_WARN_ABOUT_RETURN_TYPE = YES_ERROR;
				GCC_WARN_UNDECLARED_SELECTOR = YES;
				GCC_WARN_UNINITIALIZED_AUTOS = YES;
				GCC_WARN_UNUSED_FUNCTION = YES;
				GCC_WARN_UNUSED_VARIABLE = YES;
				HEADER_SEARCH_PATHS = (
					"$(inherited)",
					/Applications/Xcode.app/Contents/Developer/Toolchains/XcodeDefault.xctoolchain/usr/include,
					Vendor/libftdi1,
					Vendor/libusb,
					Vendor/liblo,
				);
				MACOSX_DEPLOYMENT_TARGET = 10.9;
				ONLY_ACTIVE_ARCH = YES;
				SDKROOT = macosx;
			};
			name = Debug;
		};
		E939417B182C919900BDF381 /* Release */ = {
			isa = XCBuildConfiguration;
			buildSettings = {
				ALWAYS_SEARCH_USER_PATHS = NO;
				CLANG_CXX_LANGUAGE_STANDARD = "gnu++0x";
				CLANG_CXX_LIBRARY = "libc++";
				CLANG_ENABLE_OBJC_ARC = YES;
				CLANG_WARN_BOOL_CONVERSION = YES;
				CLANG_WARN_CONSTANT_CONVERSION = YES;
				CLANG_WARN_DIRECT_OBJC_ISA_USAGE = YES_ERROR;
				CLANG_WARN_EMPTY_BODY = YES;
				CLANG_WARN_ENUM_CONVERSION = YES;
				CLANG_WARN_INT_CONVERSION = YES;
				CLANG_WARN_OBJC_ROOT_CLASS = YES_ERROR;
				CLANG_WARN__DUPLICATE_METHOD_MATCH = YES;
				COPY_PHASE_STRIP = YES;
				DEBUG_INFORMATION_FORMAT = "dwarf-with-dsym";
				ENABLE_NS_ASSERTIONS = NO;
				GCC_C_LANGUAGE_STANDARD = gnu99;
				GCC_ENABLE_OBJC_EXCEPTIONS = YES;
				GCC_PREPROCESSOR_DEFINITIONS = (
					"$(inherited)",
					HAVE_CONFIG_H,
					LIBUSB_DESCRIBE,
				);
				GCC_WARN_64_TO_32_BIT_CONVERSION = YES;
				GCC_WARN_ABOUT_RETURN_TYPE = YES_ERROR;
				GCC_WARN_UNDECLARED_SELECTOR = YES;
				GCC_WARN_UNINITIALIZED_AUTOS = YES;
				GCC_WARN_UNUSED_FUNCTION = YES;
				GCC_WARN_UNUSED_VARIABLE = YES;
				HEADER_SEARCH_PATHS = (
					"$(inherited)",
					/Applications/Xcode.app/Contents/Developer/Toolchains/XcodeDefault.xctoolchain/usr/include,
					Vendor/libftdi1,
					Vendor/libusb,
					Vendor/liblo,
				);
				MACOSX_DEPLOYMENT_TARGET = 10.9;
				SDKROOT = macosx;
			};
			name = Release;
		};
		E939417D182C919900BDF381 /* Debug */ = {
			isa = XCBuildConfiguration;
			buildSettings = {
				ASSETCATALOG_COMPILER_APPICON_NAME = AppIcon;
				COMBINE_HIDPI_IMAGES = YES;
				GCC_PRECOMPILE_PREFIX_HEADER = YES;
				GCC_PREFIX_HEADER = "OSC2OpenDMXUSB/OSC2OpenDMXUSB-Prefix.pch";
				INFOPLIST_FILE = "OSC2OpenDMXUSB/OSC2OpenDMXUSB-Info.plist";
				PRODUCT_NAME = "$(TARGET_NAME)";
				WRAPPER_EXTENSION = app;
			};
			name = Debug;
		};
		E939417E182C919900BDF381 /* Release */ = {
			isa = XCBuildConfiguration;
			buildSettings = {
				ASSETCATALOG_COMPILER_APPICON_NAME = AppIcon;
				COMBINE_HIDPI_IMAGES = YES;
				GCC_PRECOMPILE_PREFIX_HEADER = YES;
				GCC_PREFIX_HEADER = "OSC2OpenDMXUSB/OSC2OpenDMXUSB-Prefix.pch";
				INFOPLIST_FILE = "OSC2OpenDMXUSB/OSC2OpenDMXUSB-Info.plist";
				PRODUCT_NAME = "$(TARGET_NAME)";
				WRAPPER_EXTENSION = app;
			};
			name = Release;
		};
		E9394180182C919900BDF381 /* Debug */ = {
			isa = XCBuildConfiguration;
			buildSettings = {
				BUNDLE_LOADER = "$(BUILT_PRODUCTS_DIR)/OSC2OpenDMXUSB.app/Contents/MacOS/OSC2OpenDMXUSB";
				COMBINE_HIDPI_IMAGES = YES;
				FRAMEWORK_SEARCH_PATHS = (
					"$(DEVELOPER_FRAMEWORKS_DIR)",
					"$(inherited)",
				);
				GCC_PRECOMPILE_PREFIX_HEADER = YES;
				GCC_PREFIX_HEADER = "OSC2OpenDMXUSB/OSC2OpenDMXUSB-Prefix.pch";
				GCC_PREPROCESSOR_DEFINITIONS = (
					"DEBUG=1",
					"$(inherited)",
				);
				INFOPLIST_FILE = "OSC2OpenDMXUSBTests/OSC2OpenDMXUSBTests-Info.plist";
				PRODUCT_NAME = "$(TARGET_NAME)";
				TEST_HOST = "$(BUNDLE_LOADER)";
				WRAPPER_EXTENSION = xctest;
			};
			name = Debug;
		};
		E9394181182C919900BDF381 /* Release */ = {
			isa = XCBuildConfiguration;
			buildSettings = {
				BUNDLE_LOADER = "$(BUILT_PRODUCTS_DIR)/OSC2OpenDMXUSB.app/Contents/MacOS/OSC2OpenDMXUSB";
				COMBINE_HIDPI_IMAGES = YES;
				FRAMEWORK_SEARCH_PATHS = (
					"$(DEVELOPER_FRAMEWORKS_DIR)",
					"$(inherited)",
				);
				GCC_PRECOMPILE_PREFIX_HEADER = YES;
				GCC_PREFIX_HEADER = "OSC2OpenDMXUSB/OSC2OpenDMXUSB-Prefix.pch";
				INFOPLIST_FILE = "OSC2OpenDMXUSBTests/OSC2OpenDMXUSBTests-Info.plist";
				PRODUCT_NAME = "$(TARGET_NAME)";
				TEST_HOST = "$(BUNDLE_LOADER)";
				WRAPPER_EXTENSION = xctest;
			};
			name = Release;
		};
/* End XCBuildConfiguration section */

/* Begin XCConfigurationList section */
		E9394146182C919900BDF381 /* Build configuration list for PBXProject "OSC2OpenDMXUSB" */ = {
			isa = XCConfigurationList;
			buildConfigurations = (
				E939417A182C919900BDF381 /* Debug */,
				E939417B182C919900BDF381 /* Release */,
			);
			defaultConfigurationIsVisible = 0;
			defaultConfigurationName = Release;
		};
		E939417C182C919900BDF381 /* Build configuration list for PBXNativeTarget "OSC2OpenDMXUSB" */ = {
			isa = XCConfigurationList;
			buildConfigurations = (
				E939417D182C919900BDF381 /* Debug */,
				E939417E182C919900BDF381 /* Release */,
			);
			defaultConfigurationIsVisible = 0;
			defaultConfigurationName = Release;
		};
		E939417F182C919900BDF381 /* Build configuration list for PBXNativeTarget "OSC2OpenDMXUSBTests" */ = {
			isa = XCConfigurationList;
			buildConfigurations = (
				E9394180182C919900BDF381 /* Debug */,
				E9394181182C919900BDF381 /* Release */,
			);
			defaultConfigurationIsVisible = 0;
			defaultConfigurationName = Release;
		};
/* End XCConfigurationList section */
	};
	rootObject = E9394143182C919900BDF381 /* Project object */;
}
